
Microsoft Visual Studio Solution File, Format Version 12.00
# Visual Studio Version 17
VisualStudioVersion = 17.5.002.0
MinimumVisualStudioVersion = 10.0.40219.1
Project("{9A19103F-16F7-4668-BE54-9A1E7A4F7556}") = "ManipuladorImg", "ManipuladorImg.csproj", "{DA56C552-81F3-4405-8BC4-59ECCDC638CB}"
EndProject
Global
	GlobalSection(SolutionConfigurationPlatforms) = preSolution
		Debug|Any CPU = Debug|Any CPU
		Release|Any CPU = Release|Any CPU
	EndGlobalSection
	GlobalSection(ProjectConfigurationPlatforms) = postSolution
		{DA56C552-81F3-4405-8BC4-59ECCDC638CB}.Debug|Any CPU.ActiveCfg = Debug|Any CPU
		{DA56C552-81F3-4405-8BC4-59ECCDC638CB}.Debug|Any CPU.Build.0 = Debug|Any CPU
		{DA56C552-81F3-4405-8BC4-59ECCDC638CB}.Release|Any CPU.ActiveCfg = Release|Any CPU
		{DA56C552-81F3-4405-8BC4-59ECCDC638CB}.Release|Any CPU.Build.0 = Release|Any CPU
	EndGlobalSection
	GlobalSection(SolutionProperties) = preSolution
		HideSolutionNode = FALSE
	EndGlobalSection
	GlobalSection(ExtensibilityGlobals) = postSolution
		SolutionGuid = {FC1EDB04-5789-4D29-8D1D-1BFDFF34D186}
	EndGlobalSection
EndGlobal
